
Microsoft Visual Studio Solution File, Format Version 12.00
# Visual Studio Version 17
VisualStudioVersion = 17.9.34622.214
MinimumVisualStudioVersion = 10.0.40219.1
Project("{9A19103F-16F7-4668-BE54-9A1E7A4F7556}") = "Entities", "Entities\Entities.csproj", "{79D445BE-1461-4E1F-8DEF-9E70897141B1}"
EndProject
Project("{9A19103F-16F7-4668-BE54-9A1E7A4F7556}") = "DataAccess", "DataAccess\DataAccess.csproj", "{E6546307-628B-49E9-8514-27585D6437D8}"
EndProject
Project("{9A19103F-16F7-4668-BE54-9A1E7A4F7556}") = "Business", "Business\Business.csproj", "{0152BC6A-E82C-44D2-9377-FE35762658E2}"
EndProject
Project("{9A19103F-16F7-4668-BE54-9A1E7A4F7556}") = "Core", "Core\Core.csproj", "{D2E68A33-1705-45AA-ACD3-5634F97E59A0}"
EndProject
Project("{FAE04EC0-301F-11D3-BF4B-00C04F79EFBC}") = "WebAPI", "WebAPI\WebAPI.csproj", "{69E398CF-847B-4F0F-AA7B-F5257A434BCA}"
EndProject
Global
	GlobalSection(SolutionConfigurationPlatforms) = preSolution
		Debug|Any CPU = Debug|Any CPU
		Release|Any CPU = Release|Any CPU
	EndGlobalSection
	GlobalSection(ProjectConfigurationPlatforms) = postSolution
		{79D445BE-1461-4E1F-8DEF-9E70897141B1}.Debug|Any CPU.ActiveCfg = Debug|Any CPU
		{79D445BE-1461-4E1F-8DEF-9E70897141B1}.Debug|Any CPU.Build.0 = Debug|Any CPU
		{79D445BE-1461-4E1F-8DEF-9E70897141B1}.Release|Any CPU.ActiveCfg = Release|Any CPU
		{79D445BE-1461-4E1F-8DEF-9E70897141B1}.Release|Any CPU.Build.0 = Release|Any CPU
		{E6546307-628B-49E9-8514-27585D6437D8}.Debug|Any CPU.ActiveCfg = Debug|Any CPU
		{E6546307-628B-49E9-8514-27585D6437D8}.Debug|Any CPU.Build.0 = Debug|Any CPU
		{E6546307-628B-49E9-8514-27585D6437D8}.Release|Any CPU.ActiveCfg = Release|Any CPU
		{E6546307-628B-49E9-8514-27585D6437D8}.Release|Any CPU.Build.0 = Release|Any CPU
		{0152BC6A-E82C-44D2-9377-FE35762658E2}.Debug|Any CPU.ActiveCfg = Debug|Any CPU
		{0152BC6A-E82C-44D2-9377-FE35762658E2}.Debug|Any CPU.Build.0 = Debug|Any CPU
		{0152BC6A-E82C-44D2-9377-FE35762658E2}.Release|Any CPU.ActiveCfg = Release|Any CPU
		{0152BC6A-E82C-44D2-9377-FE35762658E2}.Release|Any CPU.Build.0 = Release|Any CPU
		{D2E68A33-1705-45AA-ACD3-5634F97E59A0}.Debug|Any CPU.ActiveCfg = Debug|Any CPU
		{D2E68A33-1705-45AA-ACD3-5634F97E59A0}.Debug|Any CPU.Build.0 = Debug|Any CPU
		{D2E68A33-1705-45AA-ACD3-5634F97E59A0}.Release|Any CPU.ActiveCfg = Release|Any CPU
		{D2E68A33-1705-45AA-ACD3-5634F97E59A0}.Release|Any CPU.Build.0 = Release|Any CPU
		{69E398CF-847B-4F0F-AA7B-F5257A434BCA}.Debug|Any CPU.ActiveCfg = Debug|Any CPU
		{69E398CF-847B-4F0F-AA7B-F5257A434BCA}.Debug|Any CPU.Build.0 = Debug|Any CPU
		{69E398CF-847B-4F0F-AA7B-F5257A434BCA}.Release|Any CPU.ActiveCfg = Release|Any CPU
		{69E398CF-847B-4F0F-AA7B-F5257A434BCA}.Release|Any CPU.Build.0 = Release|Any CPU
	EndGlobalSection
	GlobalSection(SolutionProperties) = preSolution
		HideSolutionNode = FALSE
	EndGlobalSection
	GlobalSection(ExtensibilityGlobals) = postSolution
		SolutionGuid = {E815C7A8-62F3-44CA-997E-2A54DE7D0972}
	EndGlobalSection
EndGlobal
